Microsoft Visual Studio Solution File, Format Version 11.00
# Visual Studio 2008

Project("{8307408A-3501-EA0D-3BF6-D393B1302EF7}") = "Duck-Game-", "Assembly-CSharp.csproj", "{D93D989D-1A33-BB6F-3063-92656B5BDA8D}"
EndProject
Global
	GlobalSection(SolutionConfigurationPlatforms) = preSolution
		Debug|Any CPU = Debug|Any CPU
		Release|Any CPU = Release|Any CPU
	EndGlobalSection
	GlobalSection(ProjectConfigurationPlatforms) = postSolution
		{D93D989D-1A33-BB6F-3063-92656B5BDA8D}.Debug|Any CPU.ActiveCfg = Debug|Any CPU
		{D93D989D-1A33-BB6F-3063-92656B5BDA8D}.Debug|Any CPU.Build.0 = Debug|Any CPU
		{D93D989D-1A33-BB6F-3063-92656B5BDA8D}.Release|Any CPU.ActiveCfg = Release|Any CPU
		{D93D989D-1A33-BB6F-3063-92656B5BDA8D}.Release|Any CPU.Build.0 = Release|Any CPU
	EndGlobalSection
	GlobalSection(SolutionProperties) = preSolution
		HideSolutionNode = FALSE
	EndGlobalSection
	GlobalSection(MonoDevelopProperties) = preSolution
		StartupItem = Assembly-CSharp.csproj
	EndGlobalSection
EndGlobal
